
Microsoft Visual Studio Solution File, Format Version 12.00
# Visual Studio Version 17
VisualStudioVersion = 17.3.32929.385
MinimumVisualStudioVersion = 10.0.40219.1
Project("{FAE04EC0-301F-11D3-BF4B-00C04F79EFBC}") = "herşeydahilodev0712", "herşeydahilodev0712\herşeydahilodev0712.csproj", "{44A5B487-7362-4550-9635-E22540715344}"
EndProject
Global
	GlobalSection(SolutionConfigurationPlatforms) = preSolution
		Debug|Any CPU = Debug|Any CPU
		Release|Any CPU = Release|Any CPU
	EndGlobalSection
	GlobalSection(ProjectConfigurationPlatforms) = postSolution
		{44A5B487-7362-4550-9635-E22540715344}.Debug|Any CPU.ActiveCfg = Debug|Any CPU
		{44A5B487-7362-4550-9635-E22540715344}.Debug|Any CPU.Build.0 = Debug|Any CPU
		{44A5B487-7362-4550-9635-E22540715344}.Release|Any CPU.ActiveCfg = Release|Any CPU
		{44A5B487-7362-4550-9635-E22540715344}.Release|Any CPU.Build.0 = Release|Any CPU
	EndGlobalSection
	GlobalSection(SolutionProperties) = preSolution
		HideSolutionNode = FALSE
	EndGlobalSection
	GlobalSection(ExtensibilityGlobals) = postSolution
		SolutionGuid = {EC2C36C0-80E3-43D8-B66E-8A2D54C4FAAF}
	EndGlobalSection
EndGlobal
